// !$*UTF8*$!
{
	archiveVersion = 1;
	classes = {
	};
	objectVersion = 50;
	objects = {

/* Begin PBXBuildFile section */
		D62FAD2B2294694100F170A1 /* AppDelegate.m in Sources */ = {isa = PBXBuildFile; fileRef = D62FAD2A2294694100F170A1 /* AppDelegate.m */; };
		D62FAD2E2294694100F170A1 /* ViewController.m in Sources */ = {isa = PBXBuildFile; fileRef = D62FAD2D2294694100F170A1 /* ViewController.m */; };
		D62FAD312294694100F170A1 /* Main.storyboard in Resources */ = {isa = PBXBuildFile; fileRef = D62FAD2F2294694100F170A1 /* Main.storyboard */; };
		D62FAD332294694200F170A1 /* Assets.xcassets in Resources */ = {isa = PBXBuildFile; fileRef = D62FAD322294694200F170A1 /* Assets.xcassets */; };
		D62FAD362294694200F170A1 /* LaunchScreen.storyboard in Resources */ = {isa = PBXBuildFile; fileRef = D62FAD342294694200F170A1 /* LaunchScreen.storyboard */; };
		D62FAD392294694300F170A1 /* main.m in Sources */ = {isa = PBXBuildFile; fileRef = D62FAD382294694300F170A1 /* main.m */; };
		D62FAD43229469B100F170A1 /* GHProgress.m in Sources */ = {isa = PBXBuildFile; fileRef = D62FAD42229469B100F170A1 /* GHProgress.m */; };
		D62FAD4622946AEA00F170A1 /* UIView+Extension.m in Sources */ = {isa = PBXBuildFile; fileRef = D62FAD4522946AEA00F170A1 /* UIView+Extension.m */; };
/* End PBXBuildFile section */

/* Begin PBXFileReference section */
		D62FAD262294694100F170A1 /* GHProgressDemo.app */ = {isa = PBXFileReference; explicitFileType = wrapper.application; includeInIndex = 0; path = GHProgressDemo.app; sourceTree = BUILT_PRODUCTS_DIR; };
		D62FAD292294694100F170A1 /* AppDelegate.h */ = {isa = PBXFileReference; lastKnownFileType = sourcecode.c.h; path = AppDelegate.h; sourceTree = "<group>"; };
		D62FAD2A2294694100F170A1 /* AppDelegate.m */ = {isa = PBXFileReference; lastKnownFileType = sourcecode.c.objc; path = AppDelegate.m; sourceTree = "<group>"; };
		D62FAD2C2294694100F170A1 /* ViewController.h */ = {isa = PBXFileReference; lastKnownFileType = sourcecode.c.h; path = ViewController.h; sourceTree = "<group>"; };
		D62FAD2D2294694100F170A1 /* ViewController.m */ = {isa = PBXFileReference; lastKnownFileType = sourcecode.c.objc; path = ViewController.m; sourceTree = "<group>"; };
		D62FAD302294694100F170A1 /* Base */ = {isa = PBXFileReference; lastKnownFileType = file.storyboard; name = Base; path = Base.lproj/Main.storyboard; sourceTree = "<group>"; };
		D62FAD322294694200F170A1 /* Assets.xcassets */ = {isa = PBXFileReference; lastKnownFileType = folder.assetcatalog; path = Assets.xcassets; sourceTree = "<group>"; };
		D62FAD352294694200F170A1 /* Base */ = {isa = PBXFileReference; lastKnownFileType = file.storyboard; name = Base; path = Base.lproj/LaunchScreen.storyboard; sourceTree = "<group>"; };
		D62FAD372294694200F170A1 /* Info.plist */ = {isa = PBXFileReference; lastKnownFileType = text.plist.xml; path = Info.plist; sourceTree = "<group>"; };
		D62FAD382294694300F170A1 /* main.m */ = {isa = PBXFileReference; lastKnownFileType = sourcecode.c.objc; path = main.m; sourceTree = "<group>"; };
		D62FAD41229469B100F170A1 /* GHProgress.h */ = {isa = PBXFileReference; lastKnownFileType = sourcecode.c.h; path = GHProgress.h; sourceTree = "<group>"; };
		D62FAD42229469B100F170A1 /* GHProgress.m */ = {isa = PBXFileReference; lastKnownFileType = sourcecode.c.objc; path = GHProgress.m; sourceTree = "<group>"; };
		D62FAD4422946AEA00F170A1 /* UIView+Extension.h */ = {isa = PBXFileReference; fileEncoding = 4; lastKnownFileType = sourcecode.c.h; path = "UIView+Extension.h"; sourceTree = "<group>"; };
		D62FAD4522946AEA00F170A1 /* UIView+Extension.m */ = {isa = PBXFileReference; fileEncoding = 4; lastKnownFileType = sourcecode.c.objc; path = "UIView+Extension.m"; sourceTree = "<group>"; };
/* End PBXFileReference section */

/* Begin PBXFrameworksBuildPhase section */
		D62FAD232294694100F170A1 /* Frameworks */ = {
			isa = PBXFrameworksBuildPhase;
			buildActionMask = 2147483647;
			files = (
			);
			runOnlyForDeploymentPostprocessing = 0;
		};
/* End PBXFrameworksBuildPhase section */

/* Begin PBXGroup section */
		D62FAD1D2294694000F170A1 = {
			isa = PBXGroup;
			children = (
				D62FAD40229469A600F170A1 /* GHProgress */,
				D62FAD282294694100F170A1 /* GHProgressDemo */,
				D62FAD272294694100F170A1 /* Products */,
			);
			sourceTree = "<group>";
		};
		D62FAD272294694100F170A1 /* Products */ = {
			isa = PBXGroup;
			children = (
				D62FAD262294694100F170A1 /* GHProgressDemo.app */,
			);
			name = Products;
			sourceTree = "<group>";
		};
		D62FAD282294694100F170A1 /* GHProgressDemo */ = {
			isa = PBXGroup;
			children = (
				D62FAD292294694100F170A1 /* AppDelegate.h */,
				D62FAD2A2294694100F170A1 /* AppDelegate.m */,
				D62FAD2C2294694100F170A1 /* ViewController.h */,
				D62FAD2D2294694100F170A1 /* ViewController.m */,
				D62FAD2F2294694100F170A1 /* Main.storyboard */,
				D62FAD322294694200F170A1 /* Assets.xcassets */,
				D62FAD342294694200F170A1 /* LaunchScreen.storyboard */,
				D62FAD372294694200F170A1 /* Info.plist */,
				D62FAD382294694300F170A1 /* main.m */,
			);
			path = GHProgressDemo;
			sourceTree = "<group>";
		};
		D62FAD40229469A600F170A1 /* GHProgress */ = {
			isa = PBXGroup;
			children = (
				D62FAD41229469B100F170A1 /* GHProgress.h */,
				D62FAD42229469B100F170A1 /* GHProgress.m */,
				D62FAD4422946AEA00F170A1 /* UIView+Extension.h */,
				D62FAD4522946AEA00F170A1 /* UIView+Extension.m */,
			);
			path = GHProgress;
			sourceTree = "<group>";
		};
/* End PBXGroup section */

/* Begin PBXNativeTarget section */
		D62FAD252294694100F170A1 /* GHProgressDemo */ = {
			isa = PBXNativeTarget;
			buildConfigurationList = D62FAD3C2294694300F170A1 /* Build configuration list for PBXNativeTarget "GHProgressDemo" */;
			buildPhases = (
				D62FAD222294694100F170A1 /* Sources */,
				D62FAD232294694100F170A1 /* Frameworks */,
				D62FAD242294694100F170A1 /* Resources */,
			);
			buildRules = (
			);
			dependencies = (
			);
			name = GHProgressDemo;
			productName = GHProgressDemo;
			productReference = D62FAD262294694100F170A1 /* GHProgressDemo.app */;
			productType = "com.apple.product-type.application";
		};
/* End PBXNativeTarget section */

/* Begin PBXProject section */
		D62FAD1E2294694000F170A1 /* Project object */ = {
			isa = PBXProject;
			attributes = {
				LastUpgradeCheck = 1010;
				ORGANIZATIONNAME = "Hyman Stephens";
				TargetAttributes = {
					D62FAD252294694100F170A1 = {
						CreatedOnToolsVersion = 10.1;
					};
				};
			};
			buildConfigurationList = D62FAD212294694000F170A1 /* Build configuration list for PBXProject "GHProgressDemo" */;
			compatibilityVersion = "Xcode 9.3";
			developmentRegion = en;
			hasScannedForEncodings = 0;
			knownRegions = (
				en,
				Base,
			);
			mainGroup = D62FAD1D2294694000F170A1;
			productRefGroup = D62FAD272294694100F170A1 /* Products */;
			projectDirPath = "";
			projectRoot = "";
			targets = (
				D62FAD252294694100F170A1 /* GHProgressDemo */,
			);
		};
/* End PBXProject section */

/* Begin PBXResourcesBuildPhase section */
		D62FAD242294694100F170A1 /* Resources */ = {
			isa = PBXResourcesBuildPhase;
			buildActionMask = 2147483647;
			files = (
				D62FAD362294694200F170A1 /* LaunchScreen.storyboard in Resources */,
				D62FAD332294694200F170A1 /* Assets.xcassets in Resources */,
				D62FAD312294694100F170A1 /* Main.storyboard in Resources */,
			);
			runOnlyForDeploymentPostprocessing = 0;
		};
/* End PBXResourcesBuildPhase section */

/* Begin PBXSourcesBuildPhase section */
		D62FAD222294694100F170A1 /* Sources */ = {
			isa = PBXSourcesBuildPhase;
			buildActionMask = 2147483647;
			files = (
				D62FAD4622946AEA00F170A1 /* UIView+Extension.m in Sources */,
				D62FAD2E2294694100F170A1 /* ViewController.m in Sources */,
				D62FAD392294694300F170A1 /* main.m in Sources */,
				D62FAD2B2294694100F170A1 /* AppDelegate.m in Sources */,
				D62FAD43229469B100F170A1 /* GHProgress.m in Sources */,
			);
			runOnlyForDeploymentPostprocessing = 0;
		};
/* End PBXSourcesBuildPhase section */

/* Begin PBXVariantGroup section */
		D62FAD2F2294694100F170A1 /* Main.storyboard */ = {
			isa = PBXVariantGroup;
			children = (
				D62FAD302294694100F170A1 /* Base */,
			);
			name = Main.storyboard;
			sourceTree = "<group>";
		};
		D62FAD342294694200F170A1 /* LaunchScreen.storyboard */ = {
			isa = PBXVariantGroup;
			children = (
				D62FAD352294694200F170A1 /* Base */,
			);
			name = LaunchScreen.storyboard;
			sourceTree = "<group>";
		};
/* End PBXVariantGroup section */

/* Begin XCBuildConfiguration section */
		D62FAD3A2294694300F170A1 /* Debug */ = {
			isa = XCBuildConfiguration;
			buildSettings = {
				ALWAYS_SEARCH_USER_PATHS = NO;
				CLANG_ANALYZER_NONNULL = YES;
				CLANG_ANALYZER_NUMBER_OBJECT_CONVERSION = YES_AGGRESSIVE;
				CLANG_CXX_LANGUAGE_STANDARD = "gnu++14";
				CLANG_CXX_LIBRARY = "libc++";
				CLANG_ENABLE_MODULES = YES;
				CLANG_ENABLE_OBJC_ARC = YES;
				CLANG_ENABLE_OBJC_WEAK = YES;
				CLANG_WARN_BLOCK_CAPTURE_AUTORELEASING = YES;
				CLANG_WARN_BOOL_CONVERSION = YES;
				CLANG_WARN_COMMA = YES;
				CLANG_WARN_CONSTANT_CONVERSION = YES;
				CLANG_WARN_DEPRECATED_OBJC_IMPLEMENTATIONS = YES;
				CLANG_WARN_DIRECT_OBJC_ISA_USAGE = YES_ERROR;
				CLANG_WARN_DOCUMENTATION_COMMENTS = YES;
				CLANG_WARN_EMPTY_BODY = YES;
				CLANG_WARN_ENUM_CONVERSION = YES;
				CLANG_WARN_INFINITE_RECURSION = YES;
				CLANG_WARN_INT_CONVERSION = YES;
				CLANG_WARN_NON_LITERAL_NULL_CONVERSION = YES;
				CLANG_WARN_OBJC_IMPLICIT_RETAIN_SELF = YES;
				CLANG_WARN_OBJC_LITERAL_CONVERSION = YES;
				CLANG_WARN_OBJC_ROOT_CLASS = YES_ERROR;
				CLANG_WARN_RANGE_LOOP_ANALYSIS = YES;
				CLANG_WARN_STRICT_PROTOTYPES = YES;
				CLANG_WARN_SUSPICIOUS_MOVE = YES;
				CLANG_WARN_UNGUARDED_AVAILABILITY = YES_AGGRESSIVE;
				CLANG_WARN_UNREACHABLE_CODE = YES;
				CLANG_WARN__DUPLICATE_METHOD_MATCH = YES;
				CODE_SIGN_IDENTITY = "iPhone Developer";
				COPY_PHASE_STRIP = NO;
				DEBUG_INFORMATION_FORMAT = dwarf;
				ENABLE_STRICT_OBJC_MSGSEND = YES;
				ENABLE_TESTABILITY = YES;
				GCC_C_LANGUAGE_STANDARD = gnu11;
				GCC_DYNAMIC_NO_PIC = NO;
				GCC_NO_COMMON_BLOCKS = YES;
				GCC_OPTIMIZATION_LEVEL = 0;
				GCC_PREPROCESSOR_DEFINITIONS = (
					"DEBUG=1",
					"$(inherited)",
				);
				GCC_WARN_64_TO_32_BIT_CONVERSION = YES;
				GCC_WARN_ABOUT_RETURN_TYPE = YES_ERROR;
				GCC_WARN_UNDECLARED_SELECTOR = YES;
				GCC_WARN_UNINITIALIZED_AUTOS = YES_AGGRESSIVE;
				GCC_WARN_UNUSED_FUNCTION = YES;
				GCC_WARN_UNUSED_VARIABLE = YES;
				IPHONEOS_DEPLOYMENT_TARGET = 12.1;
				MTL_ENABLE_DEBUG_INFO = INCLUDE_SOURCE;
				MTL_FAST_MATH = YES;
				ONLY_ACTIVE_ARCH = YES;
				SDKROOT = iphoneos;
			};
			name = Debug;
		};
		D62FAD3B2294694300F170A1 /* Release */ = {
			isa = XCBuildConfiguration;
			buildSettings = {
				ALWAYS_SEARCH_USER_PATHS = NO;
				CLANG_ANALYZER_NONNULL = YES;
				CLANG_ANALYZER_NUMBER_OBJECT_CONVERSION = YES_AGGRESSIVE;
				CLANG_CXX_LANGUAGE_STANDARD = "gnu++14";
				CLANG_CXX_LIBRARY = "libc++";
				CLANG_ENABLE_MODULES = YES;
				CLANG_ENABLE_OBJC_ARC = YES;
				CLANG_ENABLE_OBJC_WEAK = YES;
				CLANG_WARN_BLOCK_CAPTURE_AUTORELEASING = YES;
				CLANG_WARN_BOOL_CONVERSION = YES;
				CLANG_WARN_COMMA = YES;
				CLANG_WARN_CONSTANT_CONVERSION = YES;
				CLANG_WARN_DEPRECATED_OBJC_IMPLEMENTATIONS = YES;
				CLANG_WARN_DIRECT_OBJC_ISA_USAGE = YES_ERROR;
				CLANG_WARN_DOCUMENTATION_COMMENTS = YES;
				CLANG_WARN_EMPTY_BODY = YES;
				CLANG_WARN_ENUM_CONVERSION = YES;
				CLANG_WARN_INFINITE_RECURSION = YES;
				CLANG_WARN_INT_CONVERSION = YES;
				CLANG_WARN_NON_LITERAL_NULL_CONVERSION = YES;
				CLANG_WARN_OBJC_IMPLICIT_RETAIN_SELF = YES;
				CLANG_WARN_OBJC_LITERAL_CONVERSION = YES;
				CLANG_WARN_OBJC_ROOT_CLASS = YES_ERROR;
				CLANG_WARN_RANGE_LOOP_ANALYSIS = YES;
				CLANG_WARN_STRICT_PROTOTYPES = YES;
				CLANG_WARN_SUSPICIOUS_MOVE = YES;
				CLANG_WARN_UNGUARDED_AVAILABILITY = YES_AGGRESSIVE;
				CLANG_WARN_UNREACHABLE_CODE = YES;
				CLANG_WARN__DUPLICATE_METHOD_MATCH = YES;
				CODE_SIGN_IDENTITY = "iPhone Developer";
				COPY_PHASE_STRIP = NO;
				DEBUG_INFORMATION_FORMAT = "dwarf-with-dsym";
				ENABLE_NS_ASSERTIONS = NO;
				ENABLE_STRICT_OBJC_MSGSEND = YES;
				GCC_C_LANGUAGE_STANDARD = gnu11;
				GCC_NO_COMMON_BLOCKS = YES;
				GCC_WARN_64_TO_32_BIT_CONVERSION = YES;
				GCC_WARN_ABOUT_RETURN_TYPE = YES_ERROR;
				GCC_WARN_UNDECLARED_SELECTOR = YES;
				GCC_WARN_UNINITIALIZED_AUTOS = YES_AGGRESSIVE;
				GCC_WARN_UNUSED_FUNCTION = YES;
				GCC_WARN_UNUSED_VARIABLE = YES;
				IPHONEOS_DEPLOYMENT_TARGET = 12.1;
				MTL_ENABLE_DEBUG_INFO = NO;
				MTL_FAST_MATH = YES;
				SDKROOT = iphoneos;
				VALIDATE_PRODUCT = YES;
			};
			name = Release;
		};
		D62FAD3D2294694300F170A1 /* Debug */ = {
			isa = XCBuildConfiguration;
			buildSettings = {
				ASSETCATALOG_COMPILER_APPICON_NAME = AppIcon;
				CODE_SIGN_STYLE = Automatic;
				DEVELOPMENT_TEAM = KZ9JB9ZT4S;
				INFOPLIST_FILE = GHProgressDemo/Info.plist;
				IPHONEOS_DEPLOYMENT_TARGET = 11.4;
				LD_RUNPATH_SEARCH_PATHS = (
					"$(inherited)",
					"@executable_path/Frameworks",
				);
				PRODUCT_BUNDLE_IDENTIFIER = "Hyman-Stephens.GHProgressDemo";
				PRODUCT_NAME = "$(TARGET_NAME)";
				TARGETED_DEVICE_FAMILY = "1,2";
			};
			name = Debug;
		};
		D62FAD3E2294694300F170A1 /* Release */ = {
			isa = XCBuildConfiguration;
			buildSettings = {
				ASSETCATALOG_COMPILER_APPICON_NAME = AppIcon;
				CODE_SIGN_STYLE = Automatic;
				DEVELOPMENT_TEAM = KZ9JB9ZT4S;
				INFOPLIST_FILE = GHProgressDemo/Info.plist;
				IPHONEOS_DEPLOYMENT_TARGET = 11.4;
				LD_RUNPATH_SEARCH_PATHS = (
					"$(inherited)",
					"@executable_path/Frameworks",
				);
				PRODUCT_BUNDLE_IDENTIFIER = "Hyman-Stephens.GHProgressDemo";
				PRODUCT_NAME = "$(TARGET_NAME)";
				TARGETED_DEVICE_FAMILY = "1,2";
			};
			name = Release;
		};
/* End XCBuildConfiguration section */

/* Begin XCConfigurationList section */
		D62FAD212294694000F170A1 /* Build configuration list for PBXProject "GHProgressDemo" */ = {
			isa = XCConfigurationList;
			buildConfigurations = (
				D62FAD3A2294694300F170A1 /* Debug */,
				D62FAD3B2294694300F170A1 /* Release */,
			);
			defaultConfigurationIsVisible = 0;
			defaultConfigurationName = Release;
		};
		D62FAD3C2294694300F170A1 /* Build configuration list for PBXNativeTarget "GHProgressDemo" */ = {
			isa = XCConfigurationList;
			buildConfigurations = (
				D62FAD3D2294694300F170A1 /* Debug */,
				D62FAD3E2294694300F170A1 /* Release */,
			);
			defaultConfigurationIsVisible = 0;
			defaultConfigurationName = Release;
		};
/* End XCConfigurationList section */
	};
	rootObject = D62FAD1E2294694000F170A1 /* Project object */;
}
